
Microsoft Visual Studio Solution File, Format Version 12.00
# Visual Studio Version 16
VisualStudioVersion = 16.0.30907.101
MinimumVisualStudioVersion = 10.0.40219.1
Project("{FAE04EC0-301F-11D3-BF4B-00C04F79EFBC}") = "GamerJogoVelhaAPI", "GamerJogoVelhaAPI\GamerJogoVelhaAPI.csproj", "{39B0569F-EF7D-47F0-AF5F-D6F535D86407}"
EndProject
Project("{FAE04EC0-301F-11D3-BF4B-00C04F79EFBC}") = "GamerJogoVelhaDomain", "GamerJogoVelhaDomain\GamerJogoVelhaDomain.csproj", "{B82E6382-4A3D-4C82-8DB6-90A4443E2464}"
EndProject
Project("{FAE04EC0-301F-11D3-BF4B-00C04F79EFBC}") = "GamerJogoVelhaInfraCrossCutting", "GamerJogoVelhaInfraCrossCutting\GamerJogoVelhaInfraCrossCutting.csproj", "{FF9BC7B8-8B9D-4780-A43C-658F6260EE41}"
EndProject
Project("{FAE04EC0-301F-11D3-BF4B-00C04F79EFBC}") = "GamerJogoVelhaInfraData", "GamerJogoVelhaInfraData\GamerJogoVelhaInfraData.csproj", "{0B6BB9EA-0F44-4DFF-B841-FC2E748BA8AA}"
EndProject
Project("{FAE04EC0-301F-11D3-BF4B-00C04F79EFBC}") = "GamerJogoVelhaService", "GamerJogoVelhaService\GamerJogoVelhaService.csproj", "{2026CFC9-9527-46C8-9549-7DFD82D01644}"
EndProject
Global
	GlobalSection(SolutionConfigurationPlatforms) = preSolution
		Debug|Any CPU = Debug|Any CPU
		Release|Any CPU = Release|Any CPU
	EndGlobalSection
	GlobalSection(ProjectConfigurationPlatforms) = postSolution
		{39B0569F-EF7D-47F0-AF5F-D6F535D86407}.Debug|Any CPU.ActiveCfg = Debug|Any CPU
		{39B0569F-EF7D-47F0-AF5F-D6F535D86407}.Debug|Any CPU.Build.0 = Debug|Any CPU
		{39B0569F-EF7D-47F0-AF5F-D6F535D86407}.Release|Any CPU.ActiveCfg = Release|Any CPU
		{39B0569F-EF7D-47F0-AF5F-D6F535D86407}.Release|Any CPU.Build.0 = Release|Any CPU
		{B82E6382-4A3D-4C82-8DB6-90A4443E2464}.Debug|Any CPU.ActiveCfg = Debug|Any CPU
		{B82E6382-4A3D-4C82-8DB6-90A4443E2464}.Debug|Any CPU.Build.0 = Debug|Any CPU
		{B82E6382-4A3D-4C82-8DB6-90A4443E2464}.Release|Any CPU.ActiveCfg = Release|Any CPU
		{B82E6382-4A3D-4C82-8DB6-90A4443E2464}.Release|Any CPU.Build.0 = Release|Any CPU
		{FF9BC7B8-8B9D-4780-A43C-658F6260EE41}.Debug|Any CPU.ActiveCfg = Debug|Any CPU
		{FF9BC7B8-8B9D-4780-A43C-658F6260EE41}.Debug|Any CPU.Build.0 = Debug|Any CPU
		{FF9BC7B8-8B9D-4780-A43C-658F6260EE41}.Release|Any CPU.ActiveCfg = Release|Any CPU
		{FF9BC7B8-8B9D-4780-A43C-658F6260EE41}.Release|Any CPU.Build.0 = Release|Any CPU
		{0B6BB9EA-0F44-4DFF-B841-FC2E748BA8AA}.Debug|Any CPU.ActiveCfg = Debug|Any CPU
		{0B6BB9EA-0F44-4DFF-B841-FC2E748BA8AA}.Debug|Any CPU.Build.0 = Debug|Any CPU
		{0B6BB9EA-0F44-4DFF-B841-FC2E748BA8AA}.Release|Any CPU.ActiveCfg = Release|Any CPU
		{0B6BB9EA-0F44-4DFF-B841-FC2E748BA8AA}.Release|Any CPU.Build.0 = Release|Any CPU
		{2026CFC9-9527-46C8-9549-7DFD82D01644}.Debug|Any CPU.ActiveCfg = Debug|Any CPU
		{2026CFC9-9527-46C8-9549-7DFD82D01644}.Debug|Any CPU.Build.0 = Debug|Any CPU
		{2026CFC9-9527-46C8-9549-7DFD82D01644}.Release|Any CPU.ActiveCfg = Release|Any CPU
		{2026CFC9-9527-46C8-9549-7DFD82D01644}.Release|Any CPU.Build.0 = Release|Any CPU
	EndGlobalSection
	GlobalSection(SolutionProperties) = preSolution
		HideSolutionNode = FALSE
	EndGlobalSection
	GlobalSection(ExtensibilityGlobals) = postSolution
		SolutionGuid = {233B3828-0C7A-479D-A39D-7D9FD0AD1E46}
	EndGlobalSection
EndGlobal
