
Microsoft Visual Studio Solution File, Format Version 12.00
# Visual Studio Version 16
VisualStudioVersion = 16.0.30907.101
MinimumVisualStudioVersion = 10.0.40219.1
Project("{9A19103F-16F7-4668-BE54-9A1E7A4F7556}") = "GamerJogoVelhaAPI", "GamerJogoVelhaAPI\GamerJogoVelhaAPI.csproj", "{DF821D31-959C-4DBA-B293-5AC3558DD1ED}"
EndProject
Project("{9A19103F-16F7-4668-BE54-9A1E7A4F7556}") = "GamerJogoVelhaDomain", "GamerJogoVelhaDomain\GamerJogoVelhaDomain.csproj", "{CD24B36D-C077-4C4A-8D7E-FABA7E6887A9}"
EndProject
Project("{FAE04EC0-301F-11D3-BF4B-00C04F79EFBC}") = "GamerJogoVelhaInfraCrossCutting", "GamerJogoVelhaInfraCrossCutting\GamerJogoVelhaInfraCrossCutting.csproj", "{49E6DF5B-6794-4853-9642-10F71B79E8ED}"
EndProject
Project("{FAE04EC0-301F-11D3-BF4B-00C04F79EFBC}") = "GamerJogoVelhaInfraData", "GamerJogoVelhaInfraData\GamerJogoVelhaInfraData.csproj", "{DEC27BF2-7B42-4F52-9F74-85B81403484D}"
EndProject
Project("{FAE04EC0-301F-11D3-BF4B-00C04F79EFBC}") = "GamerJogoVelhaServices", "GamerJogoVelhaServices\GamerJogoVelhaServices.csproj", "{A8263E05-4D84-4F37-A102-13E020F1E21E}"
EndProject
Global
	GlobalSection(SolutionConfigurationPlatforms) = preSolution
		Debug|Any CPU = Debug|Any CPU
		Release|Any CPU = Release|Any CPU
	EndGlobalSection
	GlobalSection(ProjectConfigurationPlatforms) = postSolution
		{DF821D31-959C-4DBA-B293-5AC3558DD1ED}.Debug|Any CPU.ActiveCfg = Debug|Any CPU
		{DF821D31-959C-4DBA-B293-5AC3558DD1ED}.Debug|Any CPU.Build.0 = Debug|Any CPU
		{DF821D31-959C-4DBA-B293-5AC3558DD1ED}.Release|Any CPU.ActiveCfg = Release|Any CPU
		{DF821D31-959C-4DBA-B293-5AC3558DD1ED}.Release|Any CPU.Build.0 = Release|Any CPU
		{CD24B36D-C077-4C4A-8D7E-FABA7E6887A9}.Debug|Any CPU.ActiveCfg = Debug|Any CPU
		{CD24B36D-C077-4C4A-8D7E-FABA7E6887A9}.Debug|Any CPU.Build.0 = Debug|Any CPU
		{CD24B36D-C077-4C4A-8D7E-FABA7E6887A9}.Release|Any CPU.ActiveCfg = Release|Any CPU
		{CD24B36D-C077-4C4A-8D7E-FABA7E6887A9}.Release|Any CPU.Build.0 = Release|Any CPU
		{49E6DF5B-6794-4853-9642-10F71B79E8ED}.Debug|Any CPU.ActiveCfg = Debug|Any CPU
		{49E6DF5B-6794-4853-9642-10F71B79E8ED}.Debug|Any CPU.Build.0 = Debug|Any CPU
		{49E6DF5B-6794-4853-9642-10F71B79E8ED}.Release|Any CPU.ActiveCfg = Release|Any CPU
		{49E6DF5B-6794-4853-9642-10F71B79E8ED}.Release|Any CPU.Build.0 = Release|Any CPU
		{DEC27BF2-7B42-4F52-9F74-85B81403484D}.Debug|Any CPU.ActiveCfg = Debug|Any CPU
		{DEC27BF2-7B42-4F52-9F74-85B81403484D}.Debug|Any CPU.Build.0 = Debug|Any CPU
		{DEC27BF2-7B42-4F52-9F74-85B81403484D}.Release|Any CPU.ActiveCfg = Release|Any CPU
		{DEC27BF2-7B42-4F52-9F74-85B81403484D}.Release|Any CPU.Build.0 = Release|Any CPU
		{A8263E05-4D84-4F37-A102-13E020F1E21E}.Debug|Any CPU.ActiveCfg = Debug|Any CPU
		{A8263E05-4D84-4F37-A102-13E020F1E21E}.Debug|Any CPU.Build.0 = Debug|Any CPU
		{A8263E05-4D84-4F37-A102-13E020F1E21E}.Release|Any CPU.ActiveCfg = Release|Any CPU
		{A8263E05-4D84-4F37-A102-13E020F1E21E}.Release|Any CPU.Build.0 = Release|Any CPU
	EndGlobalSection
	GlobalSection(SolutionProperties) = preSolution
		HideSolutionNode = FALSE
	EndGlobalSection
	GlobalSection(ExtensibilityGlobals) = postSolution
		SolutionGuid = {233B3828-0C7A-479D-A39D-7D9FD0AD1E46}
	EndGlobalSection
EndGlobal
